
Microsoft Visual Studio Solution File, Format Version 12.00
# Visual Studio Version 16
VisualStudioVersion = 16.0.30803.129
MinimumVisualStudioVersion = 10.0.40219.1
Project("{FAE04EC0-301F-11D3-BF4B-00C04F79EFBC}") = "TicTacToe", "TicTacToe.csproj", "{D25BDC14-DFAB-4015-8CFA-C2F62090AC89}"
EndProject
Global
	GlobalSection(SolutionConfigurationPlatforms) = preSolution
		Debug|Any CPU = Debug|Any CPU
		Release|Any CPU = Release|Any CPU
	EndGlobalSection
	GlobalSection(ProjectConfigurationPlatforms) = postSolution
		{D25BDC14-DFAB-4015-8CFA-C2F62090AC89}.Debug|Any CPU.ActiveCfg = Debug|Any CPU
		{D25BDC14-DFAB-4015-8CFA-C2F62090AC89}.Debug|Any CPU.Build.0 = Debug|Any CPU
		{D25BDC14-DFAB-4015-8CFA-C2F62090AC89}.Release|Any CPU.ActiveCfg = Release|Any CPU
		{D25BDC14-DFAB-4015-8CFA-C2F62090AC89}.Release|Any CPU.Build.0 = Release|Any CPU
	EndGlobalSection
	GlobalSection(SolutionProperties) = preSolution
		HideSolutionNode = FALSE
	EndGlobalSection
	GlobalSection(ExtensibilityGlobals) = postSolution
		SolutionGuid = {A06C9316-D624-435A-9D99-BA56419A46B0}
	EndGlobalSection
EndGlobal
